
Microsoft Visual Studio Solution File, Format Version 12.00
# Visual Studio Version 17
VisualStudioVersion = 17.13.35806.99 d17.13
MinimumVisualStudioVersion = 10.0.40219.1
Project("{FAE04EC0-301F-11D3-BF4B-00C04F79EFBC}") = "stl-viewer", "stl-viewer.csproj", "{D26C387A-38DC-4DCD-BF96-26158FB88689}"
EndProject
Global
	GlobalSection(SolutionConfigurationPlatforms) = preSolution
		Debug|Any CPU = Debug|Any CPU
		Release|Any CPU = Release|Any CPU
	EndGlobalSection
	GlobalSection(ProjectConfigurationPlatforms) = postSolution
		{D26C387A-38DC-4DCD-BF96-26158FB88689}.Debug|Any CPU.ActiveCfg = Debug|Any CPU
		{D26C387A-38DC-4DCD-BF96-26158FB88689}.Debug|Any CPU.Build.0 = Debug|Any CPU
		{D26C387A-38DC-4DCD-BF96-26158FB88689}.Release|Any CPU.ActiveCfg = Release|Any CPU
		{D26C387A-38DC-4DCD-BF96-26158FB88689}.Release|Any CPU.Build.0 = Release|Any CPU
	EndGlobalSection
	GlobalSection(SolutionProperties) = preSolution
		HideSolutionNode = FALSE
	EndGlobalSection
	GlobalSection(ExtensibilityGlobals) = postSolution
		SolutionGuid = {78499634-23FB-4696-8D63-6DDAE0233D63}
	EndGlobalSection
EndGlobal
